// !$*UTF8*$!
{
	archiveVersion = 1;
	classes = {
	};
	objectVersion = 55;
	objects = {

/* Begin PBXBuildFile section */
		58BE5E542A3B960B008B2600 /* GoogleService-Info.plist in Resources */ = {isa = PBXBuildFile; fileRef = 58BE5E532A3B960B008B2600 /* GoogleService-Info.plist */; };
		58BF94B82A34EC0300227668 /* AppDelegate.swift in Sources */ = {isa = PBXBuildFile; fileRef = 58BF94B72A34EC0300227668 /* AppDelegate.swift */; };
		58BF94BA2A34EC0300227668 /* SceneDelegate.swift in Sources */ = {isa = PBXBuildFile; fileRef = 58BF94B92A34EC0300227668 /* SceneDelegate.swift */; };
		58BF94BC2A34EC0300227668 /* ViewController.swift in Sources */ = {isa = PBXBuildFile; fileRef = 58BF94BB2A34EC0300227668 /* ViewController.swift */; };
		58BF94BF2A34EC0300227668 /* Main.storyboard in Resources */ = {isa = PBXBuildFile; fileRef = 58BF94BD2A34EC0300227668 /* Main.storyboard */; };
		58BF94C22A34EC0300227668 /* BuzzBuy_ecommerce.xcdatamodeld in Sources */ = {isa = PBXBuildFile; fileRef = 58BF94C02A34EC0300227668 /* BuzzBuy_ecommerce.xcdatamodeld */; };
		58BF94C42A34EC0500227668 /* Assets.xcassets in Resources */ = {isa = PBXBuildFile; fileRef = 58BF94C32A34EC0500227668 /* Assets.xcassets */; };
		58BF94C72A34EC0500227668 /* LaunchScreen.storyboard in Resources */ = {isa = PBXBuildFile; fileRef = 58BF94C52A34EC0500227668 /* LaunchScreen.storyboard */; };
		58F968F02A3D09EC003956C4 /* InventarioViewController.swift in Sources */ = {isa = PBXBuildFile; fileRef = 58F968EF2A3D09EC003956C4 /* InventarioViewController.swift */; };
		58F968F42A3D0E7C003956C4 /* Producto.swift in Sources */ = {isa = PBXBuildFile; fileRef = 58F968F32A3D0E7C003956C4 /* Producto.swift */; };
		AF876A8C5070C22EC7C5C7F4 /* Pods_BuzzBuy_ecommerce.framework in Frameworks */ = {isa = PBXBuildFile; fileRef = D789A8430F7ED3D2ED5EBB59 /* Pods_BuzzBuy_ecommerce.framework */; };
/* End PBXBuildFile section */

/* Begin PBXFileReference section */
		1077855FE03BA69EA75F8E34 /* Pods-BuzzBuy-ecommerce.debug.xcconfig */ = {isa = PBXFileReference; includeInIndex = 1; lastKnownFileType = text.xcconfig; name = "Pods-BuzzBuy-ecommerce.debug.xcconfig"; path = "Target Support Files/Pods-BuzzBuy-ecommerce/Pods-BuzzBuy-ecommerce.debug.xcconfig"; sourceTree = "<group>"; };
		58BE5E532A3B960B008B2600 /* GoogleService-Info.plist */ = {isa = PBXFileReference; fileEncoding = 4; lastKnownFileType = text.plist.xml; path = "GoogleService-Info.plist"; sourceTree = "<group>"; };
		58BF94B42A34EC0300227668 /* BuzzBuy-ecommerce.app */ = {isa = PBXFileReference; explicitFileType = wrapper.application; includeInIndex = 0; path = "BuzzBuy-ecommerce.app"; sourceTree = BUILT_PRODUCTS_DIR; };
		58BF94B72A34EC0300227668 /* AppDelegate.swift */ = {isa = PBXFileReference; lastKnownFileType = sourcecode.swift; path = AppDelegate.swift; sourceTree = "<group>"; };
		58BF94B92A34EC0300227668 /* SceneDelegate.swift */ = {isa = PBXFileReference; lastKnownFileType = sourcecode.swift; path = SceneDelegate.swift; sourceTree = "<group>"; };
		58BF94BB2A34EC0300227668 /* ViewController.swift */ = {isa = PBXFileReference; lastKnownFileType = sourcecode.swift; path = ViewController.swift; sourceTree = "<group>"; };
		58BF94BE2A34EC0300227668 /* Base */ = {isa = PBXFileReference; lastKnownFileType = file.storyboard; name = Base; path = Base.lproj/Main.storyboard; sourceTree = "<group>"; };
		58BF94C12A34EC0300227668 /* BuzzBuy_ecommerce.xcdatamodel */ = {isa = PBXFileReference; lastKnownFileType = wrapper.xcdatamodel; path = BuzzBuy_ecommerce.xcdatamodel; sourceTree = "<group>"; };
		58BF94C32A34EC0500227668 /* Assets.xcassets */ = {isa = PBXFileReference; lastKnownFileType = folder.assetcatalog; path = Assets.xcassets; sourceTree = "<group>"; };
		58BF94C62A34EC0500227668 /* Base */ = {isa = PBXFileReference; lastKnownFileType = file.storyboard; name = Base; path = Base.lproj/LaunchScreen.storyboard; sourceTree = "<group>"; };
		58BF94C82A34EC0500227668 /* Info.plist */ = {isa = PBXFileReference; lastKnownFileType = text.plist.xml; path = Info.plist; sourceTree = "<group>"; };
		58BF94DC2A35007600227668 /* BuzzBuy-ecommerce.entitlements */ = {isa = PBXFileReference; lastKnownFileType = text.plist.entitlements; path = "BuzzBuy-ecommerce.entitlements"; sourceTree = "<group>"; };
		58F968EF2A3D09EC003956C4 /* InventarioViewController.swift */ = {isa = PBXFileReference; lastKnownFileType = sourcecode.swift; path = InventarioViewController.swift; sourceTree = "<group>"; };
		58F968F32A3D0E7C003956C4 /* Producto.swift */ = {isa = PBXFileReference; lastKnownFileType = sourcecode.swift; path = Producto.swift; sourceTree = "<group>"; };
		D789A8430F7ED3D2ED5EBB59 /* Pods_BuzzBuy_ecommerce.framework */ = {isa = PBXFileReference; explicitFileType = wrapper.framework; includeInIndex = 0; path = Pods_BuzzBuy_ecommerce.framework; sourceTree = BUILT_PRODUCTS_DIR; };
		DF5D75027DFFD5EB8D6BAF7C /* Pods-BuzzBuy-ecommerce.release.xcconfig */ = {isa = PBXFileReference; includeInIndex = 1; lastKnownFileType = text.xcconfig; name = "Pods-BuzzBuy-ecommerce.release.xcconfig"; path = "Target Support Files/Pods-BuzzBuy-ecommerce/Pods-BuzzBuy-ecommerce.release.xcconfig"; sourceTree = "<group>"; };
/* End PBXFileReference section */

/* Begin PBXFrameworksBuildPhase section */
		58BF94B12A34EC0300227668 /* Frameworks */ = {
			isa = PBXFrameworksBuildPhase;
			buildActionMask = 2147483647;
			files = (
				AF876A8C5070C22EC7C5C7F4 /* Pods_BuzzBuy_ecommerce.framework in Frameworks */,
			);
			runOnlyForDeploymentPostprocessing = 0;
		};
/* End PBXFrameworksBuildPhase section */

/* Begin PBXGroup section */
		58BF94AB2A34EC0300227668 = {
			isa = PBXGroup;
			children = (
				58BF94B62A34EC0300227668 /* BuzzBuy-ecommerce */,
				58BF94B52A34EC0300227668 /* Products */,
				FF9BB91E4200891B7E003140 /* Pods */,
				927E949FEBD08C155E412AE1 /* Frameworks */,
			);
			sourceTree = "<group>";
		};
		58BF94B52A34EC0300227668 /* Products */ = {
			isa = PBXGroup;
			children = (
				58BF94B42A34EC0300227668 /* BuzzBuy-ecommerce.app */,
			);
			name = Products;
			sourceTree = "<group>";
		};
		58BF94B62A34EC0300227668 /* BuzzBuy-ecommerce */ = {
			isa = PBXGroup;
			children = (
				58F968F22A3D0E53003956C4 /* Modelos */,
				58F968F12A3D0DE4003956C4 /* ViewController */,
				58BE5E532A3B960B008B2600 /* GoogleService-Info.plist */,
				58BF94DC2A35007600227668 /* BuzzBuy-ecommerce.entitlements */,
				58BF94B72A34EC0300227668 /* AppDelegate.swift */,
				58BF94B92A34EC0300227668 /* SceneDelegate.swift */,
				58BF94BB2A34EC0300227668 /* ViewController.swift */,
				58BF94BD2A34EC0300227668 /* Main.storyboard */,
				58BF94C32A34EC0500227668 /* Assets.xcassets */,
				58BF94C52A34EC0500227668 /* LaunchScreen.storyboard */,
				58BF94C82A34EC0500227668 /* Info.plist */,
				58BF94C02A34EC0300227668 /* BuzzBuy_ecommerce.xcdatamodeld */,
			);
			path = "BuzzBuy-ecommerce";
			sourceTree = "<group>";
		};
		58F968F12A3D0DE4003956C4 /* ViewController */ = {
			isa = PBXGroup;
			children = (
				58F968EF2A3D09EC003956C4 /* InventarioViewController.swift */,
			);
			path = ViewController;
			sourceTree = "<group>";
		};
		58F968F22A3D0E53003956C4 /* Modelos */ = {
			isa = PBXGroup;
			children = (
				58F968F32A3D0E7C003956C4 /* Producto.swift */,
			);
			path = Modelos;
			sourceTree = "<group>";
		};
		927E949FEBD08C155E412AE1 /* Frameworks */ = {
			isa = PBXGroup;
			children = (
				D789A8430F7ED3D2ED5EBB59 /* Pods_BuzzBuy_ecommerce.framework */,
			);
			name = Frameworks;
			sourceTree = "<group>";
		};
		FF9BB91E4200891B7E003140 /* Pods */ = {
			isa = PBXGroup;
			children = (
				1077855FE03BA69EA75F8E34 /* Pods-BuzzBuy-ecommerce.debug.xcconfig */,
				DF5D75027DFFD5EB8D6BAF7C /* Pods-BuzzBuy-ecommerce.release.xcconfig */,
			);
			path = Pods;
			sourceTree = "<group>";
		};
/* End PBXGroup section */

/* Begin PBXNativeTarget section */
		58BF94B32A34EC0300227668 /* BuzzBuy-ecommerce */ = {
			isa = PBXNativeTarget;
			buildConfigurationList = 58BF94CB2A34EC0500227668 /* Build configuration list for PBXNativeTarget "BuzzBuy-ecommerce" */;
			buildPhases = (
				DFA36599A8D60848492C4B93 /* [CP] Check Pods Manifest.lock */,
				58BF94B02A34EC0300227668 /* Sources */,
				58BF94B12A34EC0300227668 /* Frameworks */,
				58BF94B22A34EC0300227668 /* Resources */,
				DCC3B5CBF53EA305AE6B73ED /* [CP] Embed Pods Frameworks */,
			);
			buildRules = (
			);
			dependencies = (
			);
			name = "BuzzBuy-ecommerce";
			productName = "BuzzBuy-ecommerce";
			productReference = 58BF94B42A34EC0300227668 /* BuzzBuy-ecommerce.app */;
			productType = "com.apple.product-type.application";
		};
/* End PBXNativeTarget section */

/* Begin PBXProject section */
		58BF94AC2A34EC0300227668 /* Project object */ = {
			isa = PBXProject;
			attributes = {
				BuildIndependentTargetsInParallel = 1;
				LastSwiftUpdateCheck = 1340;
				LastUpgradeCheck = 1340;
				TargetAttributes = {
					58BF94B32A34EC0300227668 = {
						CreatedOnToolsVersion = 13.4.1;
					};
				};
			};
			buildConfigurationList = 58BF94AF2A34EC0300227668 /* Build configuration list for PBXProject "BuzzBuy-ecommerce" */;
			compatibilityVersion = "Xcode 13.0";
			developmentRegion = en;
			hasScannedForEncodings = 0;
			knownRegions = (
				en,
				Base,
			);
			mainGroup = 58BF94AB2A34EC0300227668;
			productRefGroup = 58BF94B52A34EC0300227668 /* Products */;
			projectDirPath = "";
			projectRoot = "";
			targets = (
				58BF94B32A34EC0300227668 /* BuzzBuy-ecommerce */,
			);
		};
/* End PBXProject section */

/* Begin PBXResourcesBuildPhase section */
		58BF94B22A34EC0300227668 /* Resources */ = {
			isa = PBXResourcesBuildPhase;
			buildActionMask = 2147483647;
			files = (
				58BF94C72A34EC0500227668 /* LaunchScreen.storyboard in Resources */,
				58BE5E542A3B960B008B2600 /* GoogleService-Info.plist in Resources */,
				58BF94C42A34EC0500227668 /* Assets.xcassets in Resources */,
				58BF94BF2A34EC0300227668 /* Main.storyboard in Resources */,
			);
			runOnlyForDeploymentPostprocessing = 0;
		};
/* End PBXResourcesBuildPhase section */

/* Begin PBXShellScriptBuildPhase section */
		DCC3B5CBF53EA305AE6B73ED /* [CP] Embed Pods Frameworks */ = {
			isa = PBXShellScriptBuildPhase;
			buildActionMask = 2147483647;
			files = (
			);
			inputFileListPaths = (
				"${PODS_ROOT}/Target Support Files/Pods-BuzzBuy-ecommerce/Pods-BuzzBuy-ecommerce-frameworks-${CONFIGURATION}-input-files.xcfilelist",
			);
			name = "[CP] Embed Pods Frameworks";
			outputFileListPaths = (
				"${PODS_ROOT}/Target Support Files/Pods-BuzzBuy-ecommerce/Pods-BuzzBuy-ecommerce-frameworks-${CONFIGURATION}-output-files.xcfilelist",
			);
			runOnlyForDeploymentPostprocessing = 0;
			shellPath = /bin/sh;
			shellScript = "\"${PODS_ROOT}/Target Support Files/Pods-BuzzBuy-ecommerce/Pods-BuzzBuy-ecommerce-frameworks.sh\"\n";
			showEnvVarsInLog = 0;
		};
		DFA36599A8D60848492C4B93 /* [CP] Check Pods Manifest.lock */ = {
			isa = PBXShellScriptBuildPhase;
			buildActionMask = 2147483647;
			files = (
			);
			inputFileListPaths = (
			);
			inputPaths = (
				"${PODS_PODFILE_DIR_PATH}/Podfile.lock",
				"${PODS_ROOT}/Manifest.lock",
			);
			name = "[CP] Check Pods Manifest.lock";
			outputFileListPaths = (
			);
			outputPaths = (
				"$(DERIVED_FILE_DIR)/Pods-BuzzBuy-ecommerce-checkManifestLockResult.txt",
			);
			runOnlyForDeploymentPostprocessing = 0;
			shellPath = /bin/sh;
			shellScript = "diff \"${PODS_PODFILE_DIR_PATH}/Podfile.lock\" \"${PODS_ROOT}/Manifest.lock\" > /dev/null\nif [ $? != 0 ] ; then\n    # print error to STDERR\n    echo \"error: The sandbox is not in sync with the Podfile.lock. Run 'pod install' or update your CocoaPods installation.\" >&2\n    exit 1\nfi\n# This output is used by Xcode 'outputs' to avoid re-running this script phase.\necho \"SUCCESS\" > \"${SCRIPT_OUTPUT_FILE_0}\"\n";
			showEnvVarsInLog = 0;
		};
/* End PBXShellScriptBuildPhase section */

/* Begin PBXSourcesBuildPhase section */
		58BF94B02A34EC0300227668 /* Sources */ = {
			isa = PBXSourcesBuildPhase;
			buildActionMask = 2147483647;
			files = (
				58BF94C22A34EC0300227668 /* BuzzBuy_ecommerce.xcdatamodeld in Sources */,
				58F968F02A3D09EC003956C4 /* InventarioViewController.swift in Sources */,
				58BF94BC2A34EC0300227668 /* ViewController.swift in Sources */,
				58F968F42A3D0E7C003956C4 /* Producto.swift in Sources */,
				58BF94B82A34EC0300227668 /* AppDelegate.swift in Sources */,
				58BF94BA2A34EC0300227668 /* SceneDelegate.swift in Sources */,
			);
			runOnlyForDeploymentPostprocessing = 0;
		};
/* End PBXSourcesBuildPhase section */

/* Begin PBXVariantGroup section */
		58BF94BD2A34EC0300227668 /* Main.storyboard */ = {
			isa = PBXVariantGroup;
			children = (
				58BF94BE2A34EC0300227668 /* Base */,
			);
			name = Main.storyboard;
			sourceTree = "<group>";
		};
		58BF94C52A34EC0500227668 /* LaunchScreen.storyboard */ = {
			isa = PBXVariantGroup;
			children = (
				58BF94C62A34EC0500227668 /* Base */,
			);
			name = LaunchScreen.storyboard;
			sourceTree = "<group>";
		};
/* End PBXVariantGroup section */

/* Begin XCBuildConfiguration section */
		58BF94C92A34EC0500227668 /* Debug */ = {
			isa = XCBuildConfiguration;
			buildSettings = {
				ALWAYS_SEARCH_USER_PATHS = NO;
				CLANG_ANALYZER_NONNULL = YES;
				CLANG_ANALYZER_NUMBER_OBJECT_CONVERSION = YES_AGGRESSIVE;
				CLANG_CXX_LANGUAGE_STANDARD = "gnu++17";
				CLANG_ENABLE_MODULES = YES;
				CLANG_ENABLE_OBJC_ARC = YES;
				CLANG_ENABLE_OBJC_WEAK = YES;
				CLANG_WARN_BLOCK_CAPTURE_AUTORELEASING = YES;
				CLANG_WARN_BOOL_CONVERSION = YES;
				CLANG_WARN_COMMA = YES;
				CLANG_WARN_CONSTANT_CONVERSION = YES;
				CLANG_WARN_DEPRECATED_OBJC_IMPLEMENTATIONS = YES;
				CLANG_WARN_DIRECT_OBJC_ISA_USAGE = YES_ERROR;
				CLANG_WARN_DOCUMENTATION_COMMENTS = YES;
				CLANG_WARN_EMPTY_BODY = YES;
				CLANG_WARN_ENUM_CONVERSION = YES;
				CLANG_WARN_INFINITE_RECURSION = YES;
				CLANG_WARN_INT_CONVERSION = YES;
				CLANG_WARN_NON_LITERAL_NULL_CONVERSION = YES;
				CLANG_WARN_OBJC_IMPLICIT_RETAIN_SELF = YES;
				CLANG_WARN_OBJC_LITERAL_CONVERSION = YES;
				CLANG_WARN_OBJC_ROOT_CLASS = YES_ERROR;
				CLANG_WARN_QUOTED_INCLUDE_IN_FRAMEWORK_HEADER = YES;
				CLANG_WARN_RANGE_LOOP_ANALYSIS = YES;
				CLANG_WARN_STRICT_PROTOTYPES = YES;
				CLANG_WARN_SUSPICIOUS_MOVE = YES;
				CLANG_WARN_UNGUARDED_AVAILABILITY = YES_AGGRESSIVE;
				CLANG_WARN_UNREACHABLE_CODE = YES;
				CLANG_WARN__DUPLICATE_METHOD_MATCH = YES;
				COPY_PHASE_STRIP = NO;
				DEBUG_INFORMATION_FORMAT = dwarf;
				ENABLE_STRICT_OBJC_MSGSEND = YES;
				ENABLE_TESTABILITY = YES;
				GCC_C_LANGUAGE_STANDARD = gnu11;
				GCC_DYNAMIC_NO_PIC = NO;
				GCC_NO_COMMON_BLOCKS = YES;
				GCC_OPTIMIZATION_LEVEL = 0;
				GCC_PREPROCESSOR_DEFINITIONS = (
					"DEBUG=1",
					"$(inherited)",
				);
				GCC_WARN_64_TO_32_BIT_CONVERSION = YES;
				GCC_WARN_ABOUT_RETURN_TYPE = YES_ERROR;
				GCC_WARN_UNDECLARED_SELECTOR = YES;
				GCC_WARN_UNINITIALIZED_AUTOS = YES_AGGRESSIVE;
				GCC_WARN_UNUSED_FUNCTION = YES;
				GCC_WARN_UNUSED_VARIABLE = YES;
				IPHONEOS_DEPLOYMENT_TARGET = 15.4;
				MTL_ENABLE_DEBUG_INFO = INCLUDE_SOURCE;
				MTL_FAST_MATH = YES;
				ONLY_ACTIVE_ARCH = YES;
				SDKROOT = iphoneos;
				SWIFT_ACTIVE_COMPILATION_CONDITIONS = DEBUG;
				SWIFT_OPTIMIZATION_LEVEL = "-Onone";
			};
			name = Debug;
		};
		58BF94CA2A34EC0500227668 /* Release */ = {
			isa = XCBuildConfiguration;
			buildSettings = {
				ALWAYS_SEARCH_USER_PATHS = NO;
				CLANG_ANALYZER_NONNULL = YES;
				CLANG_ANALYZER_NUMBER_OBJECT_CONVERSION = YES_AGGRESSIVE;
				CLANG_CXX_LANGUAGE_STANDARD = "gnu++17";
				CLANG_ENABLE_MODULES = YES;
				CLANG_ENABLE_OBJC_ARC = YES;
				CLANG_ENABLE_OBJC_WEAK = YES;
				CLANG_WARN_BLOCK_CAPTURE_AUTORELEASING = YES;
				CLANG_WARN_BOOL_CONVERSION = YES;
				CLANG_WARN_COMMA = YES;
				CLANG_WARN_CONSTANT_CONVERSION = YES;
				CLANG_WARN_DEPRECATED_OBJC_IMPLEMENTATIONS = YES;
				CLANG_WARN_DIRECT_OBJC_ISA_USAGE = YES_ERROR;
				CLANG_WARN_DOCUMENTATION_COMMENTS = YES;
				CLANG_WARN_EMPTY_BODY = YES;
				CLANG_WARN_ENUM_CONVERSION = YES;
				CLANG_WARN_INFINITE_RECURSION = YES;
				CLANG_WARN_INT_CONVERSION = YES;
				CLANG_WARN_NON_LITERAL_NULL_CONVERSION = YES;
				CLANG_WARN_OBJC_IMPLICIT_RETAIN_SELF = YES;
				CLANG_WARN_OBJC_LITERAL_CONVERSION = YES;
				CLANG_WARN_OBJC_ROOT_CLASS = YES_ERROR;
				CLANG_WARN_QUOTED_INCLUDE_IN_FRAMEWORK_HEADER = YES;
				CLANG_WARN_RANGE_LOOP_ANALYSIS = YES;
				CLANG_WARN_STRICT_PROTOTYPES = YES;
				CLANG_WARN_SUSPICIOUS_MOVE = YES;
				CLANG_WARN_UNGUARDED_AVAILABILITY = YES_AGGRESSIVE;
				CLANG_WARN_UNREACHABLE_CODE = YES;
				CLANG_WARN__DUPLICATE_METHOD_MATCH = YES;
				COPY_PHASE_STRIP = NO;
				DEBUG_INFORMATION_FORMAT = "dwarf-with-dsym";
				ENABLE_NS_ASSERTIONS = NO;
				ENABLE_STRICT_OBJC_MSGSEND = YES;
				GCC_C_LANGUAGE_STANDARD = gnu11;
				GCC_NO_COMMON_BLOCKS = YES;
				GCC_WARN_64_TO_32_BIT_CONVERSION = YES;
				GCC_WARN_ABOUT_RETURN_TYPE = YES_ERROR;
				GCC_WARN_UNDECLARED_SELECTOR = YES;
				GCC_WARN_UNINITIALIZED_AUTOS = YES_AGGRESSIVE;
				GCC_WARN_UNUSED_FUNCTION = YES;
				GCC_WARN_UNUSED_VARIABLE = YES;
				IPHONEOS_DEPLOYMENT_TARGET = 15.4;
				MTL_ENABLE_DEBUG_INFO = NO;
				MTL_FAST_MATH = YES;
				SDKROOT = iphoneos;
				SWIFT_COMPILATION_MODE = wholemodule;
				SWIFT_OPTIMIZATION_LEVEL = "-O";
				VALIDATE_PRODUCT = YES;
			};
			name = Release;
		};
		58BF94CC2A34EC0500227668 /* Debug */ = {
			isa = XCBuildConfiguration;
			baseConfigurationReference = 1077855FE03BA69EA75F8E34 /* Pods-BuzzBuy-ecommerce.debug.xcconfig */;
			buildSettings = {
				ASSETCATALOG_COMPILER_APPICON_NAME = AppIcon;
				ASSETCATALOG_COMPILER_GLOBAL_ACCENT_COLOR_NAME = AccentColor;
				CODE_SIGN_ENTITLEMENTS = "BuzzBuy-ecommerce/BuzzBuy-ecommerce.entitlements";
				CODE_SIGN_STYLE = Automatic;
				CURRENT_PROJECT_VERSION = 1;
				GENERATE_INFOPLIST_FILE = YES;
				INFOPLIST_FILE = "BuzzBuy-ecommerce/Info.plist";
				INFOPLIST_KEY_NSMicrophoneUsageDescription = "Usando el microfono";
				INFOPLIST_KEY_NSPhotoLibraryUsageDescription = "Necesitamos permisos para acceder a tu album de fotos";
				INFOPLIST_KEY_UIApplicationSupportsIndirectInputEvents = YES;
				INFOPLIST_KEY_UILaunchStoryboardName = LaunchScreen;
				INFOPLIST_KEY_UIMainStoryboardFile = Main;
				INFOPLIST_KEY_UISupportedInterfaceOrientations_iPad = "UIInterfaceOrientationPortrait UIInterfaceOrientationPortraitUpsideDown UIInterfaceOrientationLandscapeLeft UIInterfaceOrientationLandscapeRight";
				INFOPLIST_KEY_UISupportedInterfaceOrientations_iPhone = "UIInterfaceOrientationPortrait UIInterfaceOrientationLandscapeLeft UIInterfaceOrientationLandscapeRight";
				LD_RUNPATH_SEARCH_PATHS = (
					"$(inherited)",
					"@executable_path/Frameworks",
				);
				MARKETING_VERSION = 1.0;
				PRODUCT_BUNDLE_IDENTIFIER = "proyectofinal.com.BuzzBuy-ecommerce";
				PRODUCT_NAME = "$(TARGET_NAME)";
				SWIFT_EMIT_LOC_STRINGS = YES;
				SWIFT_VERSION = 5.0;
				TARGETED_DEVICE_FAMILY = "1,2";
			};
			name = Debug;
		};
		58BF94CD2A34EC0500227668 /* Release */ = {
			isa = XCBuildConfiguration;
			baseConfigurationReference = DF5D75027DFFD5EB8D6BAF7C /* Pods-BuzzBuy-ecommerce.release.xcconfig */;
			buildSettings = {
				ASSETCATALOG_COMPILER_APPICON_NAME = AppIcon;
				ASSETCATALOG_COMPILER_GLOBAL_ACCENT_COLOR_NAME = AccentColor;
				CODE_SIGN_ENTITLEMENTS = "BuzzBuy-ecommerce/BuzzBuy-ecommerce.entitlements";
				CODE_SIGN_STYLE = Automatic;
				CURRENT_PROJECT_VERSION = 1;
				GENERATE_INFOPLIST_FILE = YES;
				INFOPLIST_FILE = "BuzzBuy-ecommerce/Info.plist";
				INFOPLIST_KEY_NSMicrophoneUsageDescription = "Usando el microfono";
				INFOPLIST_KEY_NSPhotoLibraryUsageDescription = "Necesitamos permisos para acceder a tu album de fotos";
				INFOPLIST_KEY_UIApplicationSupportsIndirectInputEvents = YES;
				INFOPLIST_KEY_UILaunchStoryboardName = LaunchScreen;
				INFOPLIST_KEY_UIMainStoryboardFile = Main;
				INFOPLIST_KEY_UISupportedInterfaceOrientations_iPad = "UIInterfaceOrientationPortrait UIInterfaceOrientationPortraitUpsideDown UIInterfaceOrientationLandscapeLeft UIInterfaceOrientationLandscapeRight";
				INFOPLIST_KEY_UISupportedInterfaceOrientations_iPhone = "UIInterfaceOrientationPortrait UIInterfaceOrientationLandscapeLeft UIInterfaceOrientationLandscapeRight";
				LD_RUNPATH_SEARCH_PATHS = (
					"$(inherited)",
					"@executable_path/Frameworks",
				);
				MARKETING_VERSION = 1.0;
				PRODUCT_BUNDLE_IDENTIFIER = "proyectofinal.com.BuzzBuy-ecommerce";
				PRODUCT_NAME = "$(TARGET_NAME)";
				SWIFT_EMIT_LOC_STRINGS = YES;
				SWIFT_VERSION = 5.0;
				TARGETED_DEVICE_FAMILY = "1,2";
			};
			name = Release;
		};
/* End XCBuildConfiguration section */

/* Begin XCConfigurationList section */
		58BF94AF2A34EC0300227668 /* Build configuration list for PBXProject "BuzzBuy-ecommerce" */ = {
			isa = XCConfigurationList;
			buildConfigurations = (
				58BF94C92A34EC0500227668 /* Debug */,
				58BF94CA2A34EC0500227668 /* Release */,
			);
			defaultConfigurationIsVisible = 0;
			defaultConfigurationName = Release;
		};
		58BF94CB2A34EC0500227668 /* Build configuration list for PBXNativeTarget "BuzzBuy-ecommerce" */ = {
			isa = XCConfigurationList;
			buildConfigurations = (
				58BF94CC2A34EC0500227668 /* Debug */,
				58BF94CD2A34EC0500227668 /* Release */,
			);
			defaultConfigurationIsVisible = 0;
			defaultConfigurationName = Release;
		};
/* End XCConfigurationList section */

/* Begin XCVersionGroup section */
		58BF94C02A34EC0300227668 /* BuzzBuy_ecommerce.xcdatamodeld */ = {
			isa = XCVersionGroup;
			children = (
				58BF94C12A34EC0300227668 /* BuzzBuy_ecommerce.xcdatamodel */,
			);
			currentVersion = 58BF94C12A34EC0300227668 /* BuzzBuy_ecommerce.xcdatamodel */;
			path = BuzzBuy_ecommerce.xcdatamodeld;
			sourceTree = "<group>";
			versionGroupType = wrapper.xcdatamodel;
		};
/* End XCVersionGroup section */
	};
	rootObject = 58BF94AC2A34EC0300227668 /* Project object */;
}
